
Microsoft Visual Studio Solution File, Format Version 12.00
# Visual Studio 15
VisualStudioVersion = 15.0.28307.852
MinimumVisualStudioVersion = 10.0.40219.1
Project("{FAE04EC0-301F-11D3-BF4B-00C04F79EFBC}") = "MyPaintBoard", "MyPaintBoard\MyPaintBoard.csproj", "{A9032A36-D104-41E0-8500-D38786D25B58}"
EndProject
Global
	GlobalSection(SolutionConfigurationPlatforms) = preSolution
		Debug|Any CPU = Debug|Any CPU
		Release|Any CPU = Release|Any CPU
	EndGlobalSection
	GlobalSection(ProjectConfigurationPlatforms) = postSolution
		{A9032A36-D104-41E0-8500-D38786D25B58}.Debug|Any CPU.ActiveCfg = Debug|Any CPU
		{A9032A36-D104-41E0-8500-D38786D25B58}.Debug|Any CPU.Build.0 = Debug|Any CPU
		{A9032A36-D104-41E0-8500-D38786D25B58}.Release|Any CPU.ActiveCfg = Release|Any CPU
		{A9032A36-D104-41E0-8500-D38786D25B58}.Release|Any CPU.Build.0 = Release|Any CPU
	EndGlobalSection
	GlobalSection(SolutionProperties) = preSolution
		HideSolutionNode = FALSE
	EndGlobalSection
	GlobalSection(ExtensibilityGlobals) = postSolution
		SolutionGuid = {9E35AE0D-A46A-4340-BAD4-141A4DD7763C}
	EndGlobalSection
EndGlobal
