
Microsoft Visual Studio Solution File, Format Version 12.00
# Visual Studio Version 16
VisualStudioVersion = 16.0.29709.97
MinimumVisualStudioVersion = 10.0.40219.1
Project("{8BC9CEB8-8B4A-11D0-8D11-00A0C91BC942}") = "tanchishe", "tanchishe.vcxproj", "{C0DF7190-9205-44FD-8C47-BF05BB3A13CD}"
EndProject
Global
	GlobalSection(SolutionConfigurationPlatforms) = preSolution
		Debug|x64 = Debug|x64
		Debug|x86 = Debug|x86
		Release|x64 = Release|x64
		Release|x86 = Release|x86
	EndGlobalSection
	GlobalSection(ProjectConfigurationPlatforms) = postSolution
		{C0DF7190-9205-44FD-8C47-BF05BB3A13CD}.Debug|x64.ActiveCfg = Debug|x64
		{C0DF7190-9205-44FD-8C47-BF05BB3A13CD}.Debug|x64.Build.0 = Debug|x64
		{C0DF7190-9205-44FD-8C47-BF05BB3A13CD}.Debug|x86.ActiveCfg = Debug|Win32
		{C0DF7190-9205-44FD-8C47-BF05BB3A13CD}.Debug|x86.Build.0 = Debug|Win32
		{C0DF7190-9205-44FD-8C47-BF05BB3A13CD}.Release|x64.ActiveCfg = Release|x64
		{C0DF7190-9205-44FD-8C47-BF05BB3A13CD}.Release|x64.Build.0 = Release|x64
		{C0DF7190-9205-44FD-8C47-BF05BB3A13CD}.Release|x86.ActiveCfg = Release|Win32
		{C0DF7190-9205-44FD-8C47-BF05BB3A13CD}.Release|x86.Build.0 = Release|Win32
	EndGlobalSection
	GlobalSection(SolutionProperties) = preSolution
		HideSolutionNode = FALSE
	EndGlobalSection
	GlobalSection(ExtensibilityGlobals) = postSolution
		SolutionGuid = {E8EB2294-7FAD-4FB2-81B3-8ED004E3A06C}
	EndGlobalSection
EndGlobal
